
Microsoft Visual Studio Solution File, Format Version 12.00
# Visual Studio 15
VisualStudioVersion = 15.0.28307.136
MinimumVisualStudioVersion = 10.0.40219.1
Project("{FAE04EC0-301F-11D3-BF4B-00C04F79EFBC}") = "EposConfiguratorMainForm", "EposConfiguratorMainForm\EposConfiguratorMainForm.csproj", "{4BE481CF-C5DF-4864-8D82-B8C906197781}"
EndProject
Project("{9092AA53-FB77-4645-B42D-1CCCA6BD08BD}") = "NodejsEposServer", "NodejsEposServer\NodejsEposServer.njsproj", "{8A7FFDFD-E92F-4D8B-9124-8A2CFAAE40EA}"
EndProject
Project("{FAE04EC0-301F-11D3-BF4B-00C04F79EFBC}") = "!!!Help4Epos", "Help4Epos\!!!Help4Epos.csproj", "{531C5E19-27CD-4CBA-AEEE-A527426CDD31}"
EndProject
Global
	GlobalSection(SolutionConfigurationPlatforms) = preSolution
		Debug|Any CPU = Debug|Any CPU
		Release|Any CPU = Release|Any CPU
	EndGlobalSection
	GlobalSection(ProjectConfigurationPlatforms) = postSolution
		{4BE481CF-C5DF-4864-8D82-B8C906197781}.Debug|Any CPU.ActiveCfg = Debug|Any CPU
		{4BE481CF-C5DF-4864-8D82-B8C906197781}.Debug|Any CPU.Build.0 = Debug|Any CPU
		{4BE481CF-C5DF-4864-8D82-B8C906197781}.Release|Any CPU.ActiveCfg = Release|Any CPU
		{4BE481CF-C5DF-4864-8D82-B8C906197781}.Release|Any CPU.Build.0 = Release|Any CPU
		{8A7FFDFD-E92F-4D8B-9124-8A2CFAAE40EA}.Debug|Any CPU.ActiveCfg = Debug|Any CPU
		{8A7FFDFD-E92F-4D8B-9124-8A2CFAAE40EA}.Debug|Any CPU.Build.0 = Debug|Any CPU
		{8A7FFDFD-E92F-4D8B-9124-8A2CFAAE40EA}.Release|Any CPU.ActiveCfg = Release|Any CPU
		{8A7FFDFD-E92F-4D8B-9124-8A2CFAAE40EA}.Release|Any CPU.Build.0 = Release|Any CPU
		{531C5E19-27CD-4CBA-AEEE-A527426CDD31}.Debug|Any CPU.ActiveCfg = Debug|Any CPU
		{531C5E19-27CD-4CBA-AEEE-A527426CDD31}.Debug|Any CPU.Build.0 = Debug|Any CPU
		{531C5E19-27CD-4CBA-AEEE-A527426CDD31}.Release|Any CPU.ActiveCfg = Release|Any CPU
		{531C5E19-27CD-4CBA-AEEE-A527426CDD31}.Release|Any CPU.Build.0 = Release|Any CPU
	EndGlobalSection
	GlobalSection(SolutionProperties) = preSolution
		HideSolutionNode = FALSE
	EndGlobalSection
	GlobalSection(ExtensibilityGlobals) = postSolution
		SolutionGuid = {36F94D1D-E17E-4F61-A004-C7AD5B99F765}
	EndGlobalSection
EndGlobal
